
Microsoft Visual Studio Solution File, Format Version 12.00
# Visual Studio Version 17
VisualStudioVersion = 17.14.37111.16
MinimumVisualStudioVersion = 10.0.40219.1
Project("{FAE04EC0-301F-11D3-BF4B-00C04F79EFBC}") = "EBelgeAPI", "EBelgeAPI.csproj", "{F63617E9-DF36-4DB7-A84D-41709AAC2C63}"
EndProject
Project("{FAE04EC0-301F-11D3-BF4B-00C04F79EFBC}") = "EBelgeUI", "..\EBelgeUI\EBelgeUI.csproj", "{3377786D-FBCF-10A6-3CB9-39A69D715F9B}"
EndProject
Global
	GlobalSection(SolutionConfigurationPlatforms) = preSolution
		Debug|Any CPU = Debug|Any CPU
		Release|Any CPU = Release|Any CPU
	EndGlobalSection
	GlobalSection(ProjectConfigurationPlatforms) = postSolution
		{F63617E9-DF36-4DB7-A84D-41709AAC2C63}.Debug|Any CPU.ActiveCfg = Debug|Any CPU
		{F63617E9-DF36-4DB7-A84D-41709AAC2C63}.Debug|Any CPU.Build.0 = Debug|Any CPU
		{F63617E9-DF36-4DB7-A84D-41709AAC2C63}.Release|Any CPU.ActiveCfg = Release|Any CPU
		{F63617E9-DF36-4DB7-A84D-41709AAC2C63}.Release|Any CPU.Build.0 = Release|Any CPU
		{3377786D-FBCF-10A6-3CB9-39A69D715F9B}.Debug|Any CPU.ActiveCfg = Debug|Any CPU
		{3377786D-FBCF-10A6-3CB9-39A69D715F9B}.Debug|Any CPU.Build.0 = Debug|Any CPU
		{3377786D-FBCF-10A6-3CB9-39A69D715F9B}.Release|Any CPU.ActiveCfg = Release|Any CPU
		{3377786D-FBCF-10A6-3CB9-39A69D715F9B}.Release|Any CPU.Build.0 = Release|Any CPU
	EndGlobalSection
	GlobalSection(SolutionProperties) = preSolution
		HideSolutionNode = FALSE
	EndGlobalSection
	GlobalSection(ExtensibilityGlobals) = postSolution
		SolutionGuid = {2B6A7B5E-9742-4708-B734-F01F1D7F70AA}
	EndGlobalSection
EndGlobal
